
Microsoft Visual Studio Solution File, Format Version 12.00
# Visual Studio Version 17
VisualStudioVersion = 17.0.31903.59
MinimumVisualStudioVersion = 10.0.40219.1
Project("{2150E333-8FDC-42A3-9474-1A3956D46DE8}") = "src", "src", "{827E0CD3-B72D-47B6-A68D-7590B98EB39B}"
EndProject
Project("{FAE04EC0-301F-11D3-BF4B-00C04F79EFBC}") = "InvoiceGenerator", "src\InvoiceGenerator\InvoiceGenerator.csproj", "{5543AFD7-7973-4CF7-81EB-5372C57CB8C8}"
EndProject
Project("{FAE04EC0-301F-11D3-BF4B-00C04F79EFBC}") = "InvoiceGenerator.Tests", "tests\InvoiceGenerator.Tests\InvoiceGenerator.Tests.csproj", "{3C77A5F6-1E97-4516-9A90-C66BEF543D8B}"
EndProject
Project("{2150E333-8FDC-42A3-9474-1A3956D46DE8}") = "shared", "shared", "{4F52FD11-658E-A102-6CD3-7D7C16FFA15B}"
EndProject
Project("{FAE04EC0-301F-11D3-BF4B-00C04F79EFBC}") = "RentMaszyny.Dataverse.Model", "..\..\shared\RentMaszyny.Dataverse.Model\RentMaszyny.Dataverse.Model.csproj", "{27D1EAB2-2B9E-4F0E-883D-3040CF75846A}"
EndProject
Global
	GlobalSection(SolutionConfigurationPlatforms) = preSolution
		Debug|Any CPU = Debug|Any CPU
		Debug|x64 = Debug|x64
		Debug|x86 = Debug|x86
		Release|Any CPU = Release|Any CPU
		Release|x64 = Release|x64
		Release|x86 = Release|x86
	EndGlobalSection
	GlobalSection(ProjectConfigurationPlatforms) = postSolution
		{5543AFD7-7973-4CF7-81EB-5372C57CB8C8}.Debug|Any CPU.ActiveCfg = Debug|Any CPU
		{5543AFD7-7973-4CF7-81EB-5372C57CB8C8}.Debug|Any CPU.Build.0 = Debug|Any CPU
		{5543AFD7-7973-4CF7-81EB-5372C57CB8C8}.Debug|x64.ActiveCfg = Debug|Any CPU
		{5543AFD7-7973-4CF7-81EB-5372C57CB8C8}.Debug|x64.Build.0 = Debug|Any CPU
		{5543AFD7-7973-4CF7-81EB-5372C57CB8C8}.Debug|x86.ActiveCfg = Debug|Any CPU
		{5543AFD7-7973-4CF7-81EB-5372C57CB8C8}.Debug|x86.Build.0 = Debug|Any CPU
		{5543AFD7-7973-4CF7-81EB-5372C57CB8C8}.Release|Any CPU.ActiveCfg = Release|Any CPU
		{5543AFD7-7973-4CF7-81EB-5372C57CB8C8}.Release|Any CPU.Build.0 = Release|Any CPU
		{5543AFD7-7973-4CF7-81EB-5372C57CB8C8}.Release|x64.ActiveCfg = Release|Any CPU
		{5543AFD7-7973-4CF7-81EB-5372C57CB8C8}.Release|x64.Build.0 = Release|Any CPU
		{5543AFD7-7973-4CF7-81EB-5372C57CB8C8}.Release|x86.ActiveCfg = Release|Any CPU
		{5543AFD7-7973-4CF7-81EB-5372C57CB8C8}.Release|x86.Build.0 = Release|Any CPU
		{3C77A5F6-1E97-4516-9A90-C66BEF543D8B}.Debug|Any CPU.ActiveCfg = Debug|Any CPU
		{3C77A5F6-1E97-4516-9A90-C66BEF543D8B}.Debug|Any CPU.Build.0 = Debug|Any CPU
		{3C77A5F6-1E97-4516-9A90-C66BEF543D8B}.Debug|x64.ActiveCfg = Debug|Any CPU
		{3C77A5F6-1E97-4516-9A90-C66BEF543D8B}.Debug|x64.Build.0 = Debug|Any CPU
		{3C77A5F6-1E97-4516-9A90-C66BEF543D8B}.Debug|x86.ActiveCfg = Debug|Any CPU
		{3C77A5F6-1E97-4516-9A90-C66BEF543D8B}.Debug|x86.Build.0 = Debug|Any CPU
		{3C77A5F6-1E97-4516-9A90-C66BEF543D8B}.Release|Any CPU.ActiveCfg = Release|Any CPU
		{3C77A5F6-1E97-4516-9A90-C66BEF543D8B}.Release|Any CPU.Build.0 = Release|Any CPU
		{3C77A5F6-1E97-4516-9A90-C66BEF543D8B}.Release|x64.ActiveCfg = Release|Any CPU
		{3C77A5F6-1E97-4516-9A90-C66BEF543D8B}.Release|x64.Build.0 = Release|Any CPU
		{3C77A5F6-1E97-4516-9A90-C66BEF543D8B}.Release|x86.ActiveCfg = Release|Any CPU
		{3C77A5F6-1E97-4516-9A90-C66BEF543D8B}.Release|x86.Build.0 = Release|Any CPU
		{27D1EAB2-2B9E-4F0E-883D-3040CF75846A}.Debug|Any CPU.ActiveCfg = Debug|Any CPU
		{27D1EAB2-2B9E-4F0E-883D-3040CF75846A}.Debug|Any CPU.Build.0 = Debug|Any CPU
		{27D1EAB2-2B9E-4F0E-883D-3040CF75846A}.Debug|x64.ActiveCfg = Debug|Any CPU
		{27D1EAB2-2B9E-4F0E-883D-3040CF75846A}.Debug|x64.Build.0 = Debug|Any CPU
		{27D1EAB2-2B9E-4F0E-883D-3040CF75846A}.Debug|x86.ActiveCfg = Debug|Any CPU
		{27D1EAB2-2B9E-4F0E-883D-3040CF75846A}.Debug|x86.Build.0 = Debug|Any CPU
		{27D1EAB2-2B9E-4F0E-883D-3040CF75846A}.Release|Any CPU.ActiveCfg = Release|Any CPU
		{27D1EAB2-2B9E-4F0E-883D-3040CF75846A}.Release|Any CPU.Build.0 = Release|Any CPU
		{27D1EAB2-2B9E-4F0E-883D-3040CF75846A}.Release|x64.ActiveCfg = Release|Any CPU
		{27D1EAB2-2B9E-4F0E-883D-3040CF75846A}.Release|x64.Build.0 = Release|Any CPU
		{27D1EAB2-2B9E-4F0E-883D-3040CF75846A}.Release|x86.ActiveCfg = Release|Any CPU
		{27D1EAB2-2B9E-4F0E-883D-3040CF75846A}.Release|x86.Build.0 = Release|Any CPU
	EndGlobalSection
	GlobalSection(SolutionProperties) = preSolution
		HideSolutionNode = FALSE
	EndGlobalSection
	GlobalSection(NestedProjects) = preSolution
		{5543AFD7-7973-4CF7-81EB-5372C57CB8C8} = {827E0CD3-B72D-47B6-A68D-7590B98EB39B}
		{3C77A5F6-1E97-4516-9A90-C66BEF543D8B} = {827E0CD3-B72D-47B6-A68D-7590B98EB39B}
		{27D1EAB2-2B9E-4F0E-883D-3040CF75846A} = {4F52FD11-658E-A102-6CD3-7D7C16FFA15B}
	EndGlobalSection
EndGlobal
